
Microsoft Visual Studio Solution File, Format Version 12.00
# Visual Studio Version 16
VisualStudioVersion = 16.0.30517.126
MinimumVisualStudioVersion = 10.0.40219.1
Project("{FAE04EC0-301F-11D3-BF4B-00C04F79EFBC}") = "WebProject", "WebProject\WebProject.csproj", "{43D0EEC6-580E-4CC8-9F3F-F1CDA55701F2}"
EndProject
Global
	GlobalSection(SolutionConfigurationPlatforms) = preSolution
		Debug|Any CPU = Debug|Any CPU
		Release|Any CPU = Release|Any CPU
	EndGlobalSection
	GlobalSection(ProjectConfigurationPlatforms) = postSolution
		{43D0EEC6-580E-4CC8-9F3F-F1CDA55701F2}.Debug|Any CPU.ActiveCfg = Debug|Any CPU
		{43D0EEC6-580E-4CC8-9F3F-F1CDA55701F2}.Debug|Any CPU.Build.0 = Debug|Any CPU
		{43D0EEC6-580E-4CC8-9F3F-F1CDA55701F2}.Release|Any CPU.ActiveCfg = Release|Any CPU
		{43D0EEC6-580E-4CC8-9F3F-F1CDA55701F2}.Release|Any CPU.Build.0 = Release|Any CPU
	EndGlobalSection
	GlobalSection(SolutionProperties) = preSolution
		HideSolutionNode = FALSE
	EndGlobalSection
	GlobalSection(ExtensibilityGlobals) = postSolution
		SolutionGuid = {CB17C67C-D47A-4587-928D-3FC19BFBCF17}
	EndGlobalSection
EndGlobal
